{
  "requires": true,
  "lockfileVersion": 1,
  "dependencies": {
    "vue-cli-plugin-ant-design": {
      "version": "1.0.1",
      "resolved": "https://registry.npmmirror.com/vue-cli-plugin-ant-design/-/vue-cli-plugin-ant-design-1.0.1.tgz",
      "integrity": "sha512-cP7GCWLjLZsEZje/9ei8VPzhuw7g5G58yOzClbWz+leGwoKiUKrPTiEjNYpahdSsUxf/ts3bzXYKcri4VEt65w==",
      "dev": true
    }
  }
}
